{
    "version": 3,
    "terraform_version": "0.11.11",
    "serial": 2,
    "lineage": "034dcdc2-497d-f622-aaa9-d7cc0513e2cf",
    "modules": [
        {
            "path": [
                "root"
            ],
            "outputs": {},
            "resources": {
                "bigip_ltm_pool.as_pool": {
                    "type": "bigip_ltm_pool",
                    "depends_on": [],
                    "primary": {
                        "id": "/EngLab/Audit-Service-Pool",
                        "attributes": {
                            "allow_nat": "yes",
                            "allow_snat": "yes",
                            "id": "/EngLab/Audit-Service-Pool",
                            "load_balancing_mode": "least-connections-member",
                            "monitors.#": "1",
                            "monitors.3085376336": "/Common/gateway_icmp",
                            "name": "/EngLab/Audit-Service-Pool",
                            "reselect_tries": "0",
                            "service_down_action": "none",
                            "slow_ramp_time": "10"
                        },
                        "meta": {},
                        "tainted": false
                    },
                    "deposed": [],
                    "provider": "provider.bigip"
                },
                "bigip_ltm_pool_attachment.node-as_pool.0": {
                    "type": "bigip_ltm_pool_attachment",
                    "depends_on": [
                        "bigip_ltm_pool.as_pool"
                    ],
                    "primary": {
                        "id": "/EngLab/Audit-Service-Pool-/EngLab/auditsvc01s02:13000",
                        "attributes": {
                            "id": "/EngLab/Audit-Service-Pool-/EngLab/auditsvc01s02:13000",
                            "node": "/EngLab/auditsvc01s02:13000",
                            "pool": "/EngLab/Audit-Service-Pool"
                        },
                        "meta": {},
                        "tainted": false
                    },
                    "deposed": [],
                    "provider": "provider.bigip"
                },
                "bigip_ltm_pool_attachment.node-as_pool.1": {
                    "type": "bigip_ltm_pool_attachment",
                    "depends_on": [
                        "bigip_ltm_pool.as_pool"
                    ],
                    "primary": {
                        "id": "/EngLab/Audit-Service-Pool-/EngLab/auditsvc02s02:13000",
                        "attributes": {
                            "id": "/EngLab/Audit-Service-Pool-/EngLab/auditsvc02s02:13000",
                            "node": "/EngLab/auditsvc02s02:13000",
                            "pool": "/EngLab/Audit-Service-Pool"
                        },
                        "meta": {},
                        "tainted": false
                    },
                    "deposed": [],
                    "provider": "provider.bigip"
                },
                "bigip_ltm_virtual_address.as_va": {
                    "type": "bigip_ltm_virtual_address",
                    "depends_on": [],
                    "primary": {
                        "id": "/EngLab/192.168.15.41",
                        "attributes": {
                            "advertize_route": "false",
                            "arp": "true",
                            "auto_delete": "false",
                            "conn_limit": "0",
                            "enabled": "true",
                            "icmp_echo": "true",
                            "id": "/EngLab/192.168.15.41",
                            "name": "/EngLab/192.168.15.41",
                            "traffic_group": "/Common/traffic-group-2"
                        },
                        "meta": {},
                        "tainted": false
                    },
                    "deposed": [],
                    "provider": "provider.bigip"
                },
                "bigip_ltm_virtual_server.Auditsvcvs01": {
                    "type": "bigip_ltm_virtual_server",
                    "depends_on": [
                        "bigip_ltm_pool.as_pool"
                    ],
                    "primary": {
                        "id": "/EngLab/Audit-Service_VS",
                        "attributes": {
                            "client_profiles.#": "0",
                            "destination": "192.168.15.41",
                            "fallback_persistence_profile": "",
                            "id": "/EngLab/Audit-Service_VS",
                            "ip_protocol": "tcp",
                            "irules.#": "0",
                            "mask": "255.255.255.255",
                            "name": "/EngLab/Audit-Service_VS",
                            "persistence_profiles.#": "0",
                            "policies.#": "0",
                            "pool": "/EngLab/Audit-Service-Pool",
                            "port": "13000",
                            "profiles.#": "1",
                            "profiles.4247311227": "/Common/fastL4",
                            "server_profiles.#": "0",
                            "snatpool": "",
                            "source": "0.0.0.0/0",
                            "source_address_translation": "automap",
                            "translate_address": "enabled",
                            "translate_port": "enabled",
                            "vlans.#": "1",
                            "vlans.3188489365": "/Common/Lab_Network",
                            "vlans_enabled": "true"
                        },
                        "meta": {},
                        "tainted": false
                    },
                    "deposed": [],
                    "provider": "provider.bigip"
                }
            },
            "depends_on": []
        }
    ]
}
